// !$*UTF8*$!
{
	archiveVersion = 1;
	classes = {
	};
	objectVersion = 46;
	objects = {

/* Begin PBXBuildFile section */
		3A03CF931998F0CB00665E43 /* RSSItem.swift in Sources */ = {isa = PBXBuildFile; fileRef = 3A03CF921998F0CB00665E43 /* RSSItem.swift */; };
		3A03CF961998FBB000665E43 /* RSSItemTC.swift in Sources */ = {isa = PBXBuildFile; fileRef = 3A03CF951998FBB000665E43 /* RSSItemTC.swift */; };
		3A03CF9919998A6600665E43 /* HNViewController.swift in Sources */ = {isa = PBXBuildFile; fileRef = 3A03CF9819998A6600665E43 /* HNViewController.swift */; };
		3A6F79091996420B00E17267 /* AppDelegate.swift in Sources */ = {isa = PBXBuildFile; fileRef = 3A6F79081996420B00E17267 /* AppDelegate.swift */; };
		3A6F79101996420B00E17267 /* Images.xcassets in Resources */ = {isa = PBXBuildFile; fileRef = 3A6F790F1996420B00E17267 /* Images.xcassets */; };
		3A6F791C1996420B00E17267 /* HackerNewsRSSFeederTests.swift in Sources */ = {isa = PBXBuildFile; fileRef = 3A6F791B1996420B00E17267 /* HackerNewsRSSFeederTests.swift */; };
		3A6F792C1996471800E17267 /* Main.storyboard in Resources */ = {isa = PBXBuildFile; fileRef = 3A6F792B1996471800E17267 /* Main.storyboard */; };
		3A6F792F19964DDE00E17267 /* RSSPostVC.swift in Sources */ = {isa = PBXBuildFile; fileRef = 3A6F792E19964DDE00E17267 /* RSSPostVC.swift */; };
		3A6F793119964E6C00E17267 /* RSSTableVC.swift in Sources */ = {isa = PBXBuildFile; fileRef = 3A6F793019964E6C00E17267 /* RSSTableVC.swift */; };
		3A6F7935199651A100E17267 /* Data.swift in Sources */ = {isa = PBXBuildFile; fileRef = 3A6F7934199651A100E17267 /* Data.swift */; };
		3A6F79371996566700E17267 /* Networking.swift in Sources */ = {isa = PBXBuildFile; fileRef = 3A6F79361996566700E17267 /* Networking.swift */; };
		3A6F793A199656AD00E17267 /* HackerConstants.swift in Sources */ = {isa = PBXBuildFile; fileRef = 3A6F7939199656AD00E17267 /* HackerConstants.swift */; };
		3A6F79451997A68300E17267 /* HNModel.swift in Sources */ = {isa = PBXBuildFile; fileRef = 3A6F79441997A68300E17267 /* HNModel.swift */; };
		3A6F79471997A68E00E17267 /* Error.swift in Sources */ = {isa = PBXBuildFile; fileRef = 3A6F79461997A68E00E17267 /* Error.swift */; };
		3A6F794D19980D0E00E17267 /* HNXMLParserDelegate.swift in Sources */ = {isa = PBXBuildFile; fileRef = 3A6F794C19980D0E00E17267 /* HNXMLParserDelegate.swift */; };
		75839F31F09D4C7E99268518 /* libPods.a in Frameworks */ = {isa = PBXBuildFile; fileRef = B4EE7848F635447EB4CD4098 /* libPods.a */; };
/* End PBXBuildFile section */

/* Begin PBXContainerItemProxy section */
		3A6F79161996420B00E17267 /* PBXContainerItemProxy */ = {
			isa = PBXContainerItemProxy;
			containerPortal = 3A6F78FB1996420A00E17267 /* Project object */;
			proxyType = 1;
			remoteGlobalIDString = 3A6F79021996420B00E17267;
			remoteInfo = HackerNewsRSSFeeder;
		};
/* End PBXContainerItemProxy section */

/* Begin PBXFileReference section */
		3A03CF921998F0CB00665E43 /* RSSItem.swift */ = {isa = PBXFileReference; fileEncoding = 4; lastKnownFileType = sourcecode.swift; path = RSSItem.swift; sourceTree = "<group>"; };
		3A03CF951998FBB000665E43 /* RSSItemTC.swift */ = {isa = PBXFileReference; fileEncoding = 4; lastKnownFileType = sourcecode.swift; path = RSSItemTC.swift; sourceTree = "<group>"; };
		3A03CF9819998A6600665E43 /* HNViewController.swift */ = {isa = PBXFileReference; fileEncoding = 4; lastKnownFileType = sourcecode.swift; path = HNViewController.swift; sourceTree = "<group>"; };
		3A6F79031996420B00E17267 /* HackerNewsRSSFeeder.app */ = {isa = PBXFileReference; explicitFileType = wrapper.application; includeInIndex = 0; path = HackerNewsRSSFeeder.app; sourceTree = BUILT_PRODUCTS_DIR; };
		3A6F79081996420B00E17267 /* AppDelegate.swift */ = {isa = PBXFileReference; lastKnownFileType = sourcecode.swift; path = AppDelegate.swift; sourceTree = "<group>"; };
		3A6F790F1996420B00E17267 /* Images.xcassets */ = {isa = PBXFileReference; lastKnownFileType = folder.assetcatalog; path = Images.xcassets; sourceTree = "<group>"; };
		3A6F79151996420B00E17267 /* HackerNewsRSSFeederTests.xctest */ = {isa = PBXFileReference; explicitFileType = wrapper.cfbundle; includeInIndex = 0; path = HackerNewsRSSFeederTests.xctest; sourceTree = BUILT_PRODUCTS_DIR; };
		3A6F791A1996420B00E17267 /* Info.plist */ = {isa = PBXFileReference; lastKnownFileType = text.plist.xml; path = Info.plist; sourceTree = "<group>"; };
		3A6F791B1996420B00E17267 /* HackerNewsRSSFeederTests.swift */ = {isa = PBXFileReference; lastKnownFileType = sourcecode.swift; path = HackerNewsRSSFeederTests.swift; sourceTree = "<group>"; };
		3A6F792B1996471800E17267 /* Main.storyboard */ = {isa = PBXFileReference; fileEncoding = 4; lastKnownFileType = file.storyboard; path = Main.storyboard; sourceTree = "<group>"; };
		3A6F792E19964DDE00E17267 /* RSSPostVC.swift */ = {isa = PBXFileReference; fileEncoding = 4; lastKnownFileType = sourcecode.swift; path = RSSPostVC.swift; sourceTree = "<group>"; };
		3A6F793019964E6C00E17267 /* RSSTableVC.swift */ = {isa = PBXFileReference; fileEncoding = 4; lastKnownFileType = sourcecode.swift; path = RSSTableVC.swift; sourceTree = "<group>"; };
		3A6F7934199651A100E17267 /* Data.swift */ = {isa = PBXFileReference; fileEncoding = 4; lastKnownFileType = sourcecode.swift; path = Data.swift; sourceTree = "<group>"; };
		3A6F79361996566700E17267 /* Networking.swift */ = {isa = PBXFileReference; fileEncoding = 4; lastKnownFileType = sourcecode.swift; path = Networking.swift; sourceTree = "<group>"; };
		3A6F7939199656AD00E17267 /* HackerConstants.swift */ = {isa = PBXFileReference; fileEncoding = 4; lastKnownFileType = sourcecode.swift; path = HackerConstants.swift; sourceTree = "<group>"; };
		3A6F794119965C4700E17267 /* Bridging.h */ = {isa = PBXFileReference; fileEncoding = 4; lastKnownFileType = sourcecode.c.h; path = Bridging.h; sourceTree = "<group>"; };
		3A6F794219965C4700E17267 /* Info.plist */ = {isa = PBXFileReference; fileEncoding = 4; lastKnownFileType = text.plist.xml; path = Info.plist; sourceTree = "<group>"; };
		3A6F79441997A68300E17267 /* HNModel.swift */ = {isa = PBXFileReference; fileEncoding = 4; lastKnownFileType = sourcecode.swift; path = HNModel.swift; sourceTree = "<group>"; };
		3A6F79461997A68E00E17267 /* Error.swift */ = {isa = PBXFileReference; fileEncoding = 4; lastKnownFileType = sourcecode.swift; path = Error.swift; sourceTree = "<group>"; };
		3A6F794C19980D0E00E17267 /* HNXMLParserDelegate.swift */ = {isa = PBXFileReference; fileEncoding = 4; lastKnownFileType = sourcecode.swift; path = HNXMLParserDelegate.swift; sourceTree = "<group>"; };
		545EA6177E8C4EECA4BF9016 /* Pods.xcconfig */ = {isa = PBXFileReference; includeInIndex = 1; lastKnownFileType = text.xcconfig; name = Pods.xcconfig; path = Pods/Pods.xcconfig; sourceTree = "<group>"; };
		B4EE7848F635447EB4CD4098 /* libPods.a */ = {isa = PBXFileReference; explicitFileType = archive.ar; includeInIndex = 0; path = libPods.a; sourceTree = BUILT_PRODUCTS_DIR; };
/* End PBXFileReference section */

/* Begin PBXFrameworksBuildPhase section */
		3A6F79001996420B00E17267 /* Frameworks */ = {
			isa = PBXFrameworksBuildPhase;
			buildActionMask = 2147483647;
			files = (
				75839F31F09D4C7E99268518 /* libPods.a in Frameworks */,
			);
			runOnlyForDeploymentPostprocessing = 0;
		};
		3A6F79121996420B00E17267 /* Frameworks */ = {
			isa = PBXFrameworksBuildPhase;
			buildActionMask = 2147483647;
			files = (
			);
			runOnlyForDeploymentPostprocessing = 0;
		};
/* End PBXFrameworksBuildPhase section */

/* Begin PBXGroup section */
		3A03CF941998FB9700665E43 /* Views */ = {
			isa = PBXGroup;
			children = (
				3A03CF951998FBB000665E43 /* RSSItemTC.swift */,
			);
			path = Views;
			sourceTree = "<group>";
		};
		3A03CF9719998A4C00665E43 /* Common */ = {
			isa = PBXGroup;
			children = (
				3A03CF9819998A6600665E43 /* HNViewController.swift */,
			);
			path = Common;
			sourceTree = "<group>";
		};
		3A6F78FA1996420A00E17267 = {
			isa = PBXGroup;
			children = (
				3A6F79051996420B00E17267 /* HackerNewsRSSFeeder */,
				3A6F79181996420B00E17267 /* HackerNewsRSSFeederTests */,
				3A6F79041996420B00E17267 /* Products */,
				545EA6177E8C4EECA4BF9016 /* Pods.xcconfig */,
				8C378F8F43E54BEA99CABC18 /* Frameworks */,
			);
			sourceTree = "<group>";
		};
		3A6F79041996420B00E17267 /* Products */ = {
			isa = PBXGroup;
			children = (
				3A6F79031996420B00E17267 /* HackerNewsRSSFeeder.app */,
				3A6F79151996420B00E17267 /* HackerNewsRSSFeederTests.xctest */,
			);
			name = Products;
			sourceTree = "<group>";
		};
		3A6F79051996420B00E17267 /* HackerNewsRSSFeeder */ = {
			isa = PBXGroup;
			children = (
				3A6F794019965C4700E17267 /* SupportingFiles */,
				3A6F79331996518C00E17267 /* Data */,
				3A6F7925199642D800E17267 /* Features */,
				3A6F7926199642D800E17267 /* Models */,
				3A6F7927199642D800E17267 /* Utility */,
				3A6F79081996420B00E17267 /* AppDelegate.swift */,
				3A6F790F1996420B00E17267 /* Images.xcassets */,
			);
			path = HackerNewsRSSFeeder;
			sourceTree = "<group>";
		};
		3A6F79181996420B00E17267 /* HackerNewsRSSFeederTests */ = {
			isa = PBXGroup;
			children = (
				3A6F791B1996420B00E17267 /* HackerNewsRSSFeederTests.swift */,
				3A6F79191996420B00E17267 /* Supporting Files */,
			);
			path = HackerNewsRSSFeederTests;
			sourceTree = "<group>";
		};
		3A6F79191996420B00E17267 /* Supporting Files */ = {
			isa = PBXGroup;
			children = (
				3A6F791A1996420B00E17267 /* Info.plist */,
			);
			name = "Supporting Files";
			sourceTree = "<group>";
		};
		3A6F7925199642D800E17267 /* Features */ = {
			isa = PBXGroup;
			children = (
				3A6F792B1996471800E17267 /* Main.storyboard */,
				3A6F7928199644A900E17267 /* RSSFeed */,
				3A03CF9719998A4C00665E43 /* Common */,
			);
			path = Features;
			sourceTree = "<group>";
		};
		3A6F7926199642D800E17267 /* Models */ = {
			isa = PBXGroup;
			children = (
				3A6F79441997A68300E17267 /* HNModel.swift */,
				3A6F79461997A68E00E17267 /* Error.swift */,
				3A03CF921998F0CB00665E43 /* RSSItem.swift */,
			);
			path = Models;
			sourceTree = "<group>";
		};
		3A6F7927199642D800E17267 /* Utility */ = {
			isa = PBXGroup;
			children = (
				3A6F79381996569500E17267 /* Constants */,
				3A6F79321996515700E17267 /* Networking */,
			);
			path = Utility;
			sourceTree = "<group>";
		};
		3A6F7928199644A900E17267 /* RSSFeed */ = {
			isa = PBXGroup;
			children = (
				3A03CF941998FB9700665E43 /* Views */,
				3A6F793019964E6C00E17267 /* RSSTableVC.swift */,
				3A6F792D19964DAA00E17267 /* Posts */,
			);
			path = RSSFeed;
			sourceTree = "<group>";
		};
		3A6F792D19964DAA00E17267 /* Posts */ = {
			isa = PBXGroup;
			children = (
				3A6F792E19964DDE00E17267 /* RSSPostVC.swift */,
			);
			path = Posts;
			sourceTree = "<group>";
		};
		3A6F79321996515700E17267 /* Networking */ = {
			isa = PBXGroup;
			children = (
				3A6F79361996566700E17267 /* Networking.swift */,
			);
			path = Networking;
			sourceTree = "<group>";
		};
		3A6F79331996518C00E17267 /* Data */ = {
			isa = PBXGroup;
			children = (
				3A6F794C19980D0E00E17267 /* HNXMLParserDelegate.swift */,
				3A6F7934199651A100E17267 /* Data.swift */,
			);
			path = Data;
			sourceTree = "<group>";
		};
		3A6F79381996569500E17267 /* Constants */ = {
			isa = PBXGroup;
			children = (
				3A6F7939199656AD00E17267 /* HackerConstants.swift */,
			);
			path = Constants;
			sourceTree = "<group>";
		};
		3A6F794019965C4700E17267 /* SupportingFiles */ = {
			isa = PBXGroup;
			children = (
				3A6F794119965C4700E17267 /* Bridging.h */,
				3A6F794219965C4700E17267 /* Info.plist */,
			);
			path = SupportingFiles;
			sourceTree = "<group>";
		};
		8C378F8F43E54BEA99CABC18 /* Frameworks */ = {
			isa = PBXGroup;
			children = (
				B4EE7848F635447EB4CD4098 /* libPods.a */,
			);
			name = Frameworks;
			sourceTree = "<group>";
		};
/* End PBXGroup section */

/* Begin PBXNativeTarget section */
		3A6F79021996420B00E17267 /* HackerNewsRSSFeeder */ = {
			isa = PBXNativeTarget;
			buildConfigurationList = 3A6F791F1996420B00E17267 /* Build configuration list for PBXNativeTarget "HackerNewsRSSFeeder" */;
			buildPhases = (
				52B1CA9B41194826B6DF45EF /* Check Pods Manifest.lock */,
				3A6F78FF1996420B00E17267 /* Sources */,
				3A6F79001996420B00E17267 /* Frameworks */,
				3A6F79011996420B00E17267 /* Resources */,
				363D5C8DED50456C9D51C73D /* Copy Pods Resources */,
			);
			buildRules = (
			);
			dependencies = (
			);
			name = HackerNewsRSSFeeder;
			productName = HackerNewsRSSFeeder;
			productReference = 3A6F79031996420B00E17267 /* HackerNewsRSSFeeder.app */;
			productType = "com.apple.product-type.application";
		};
		3A6F79141996420B00E17267 /* HackerNewsRSSFeederTests */ = {
			isa = PBXNativeTarget;
			buildConfigurationList = 3A6F79221996420B00E17267 /* Build configuration list for PBXNativeTarget "HackerNewsRSSFeederTests" */;
			buildPhases = (
				3A6F79111996420B00E17267 /* Sources */,
				3A6F79121996420B00E17267 /* Frameworks */,
				3A6F79131996420B00E17267 /* Resources */,
			);
			buildRules = (
			);
			dependencies = (
				3A6F79171996420B00E17267 /* PBXTargetDependency */,
			);
			name = HackerNewsRSSFeederTests;
			productName = HackerNewsRSSFeederTests;
			productReference = 3A6F79151996420B00E17267 /* HackerNewsRSSFeederTests.xctest */;
			productType = "com.apple.product-type.bundle.unit-test";
		};
/* End PBXNativeTarget section */

/* Begin PBXProject section */
		3A6F78FB1996420A00E17267 /* Project object */ = {
			isa = PBXProject;
			attributes = {
				LastUpgradeCheck = 0600;
				ORGANIZATIONNAME = "Prolific Interactive";
				TargetAttributes = {
					3A6F79021996420B00E17267 = {
						CreatedOnToolsVersion = 6.0;
					};
					3A6F79141996420B00E17267 = {
						CreatedOnToolsVersion = 6.0;
						TestTargetID = 3A6F79021996420B00E17267;
					};
				};
			};
			buildConfigurationList = 3A6F78FE1996420A00E17267 /* Build configuration list for PBXProject "HackerNewsRSSFeeder" */;
			compatibilityVersion = "Xcode 3.2";
			developmentRegion = English;
			hasScannedForEncodings = 0;
			knownRegions = (
				en,
				Base,
			);
			mainGroup = 3A6F78FA1996420A00E17267;
			productRefGroup = 3A6F79041996420B00E17267 /* Products */;
			projectDirPath = "";
			projectRoot = "";
			targets = (
				3A6F79021996420B00E17267 /* HackerNewsRSSFeeder */,
				3A6F79141996420B00E17267 /* HackerNewsRSSFeederTests */,
			);
		};
/* End PBXProject section */

/* Begin PBXResourcesBuildPhase section */
		3A6F79011996420B00E17267 /* Resources */ = {
			isa = PBXResourcesBuildPhase;
			buildActionMask = 2147483647;
			files = (
				3A6F792C1996471800E17267 /* Main.storyboard in Resources */,
				3A6F79101996420B00E17267 /* Images.xcassets in Resources */,
			);
			runOnlyForDeploymentPostprocessing = 0;
		};
		3A6F79131996420B00E17267 /* Resources */ = {
			isa = PBXResourcesBuildPhase;
			buildActionMask = 2147483647;
			files = (
			);
			runOnlyForDeploymentPostprocessing = 0;
		};
/* End PBXResourcesBuildPhase section */

/* Begin PBXShellScriptBuildPhase section */
		363D5C8DED50456C9D51C73D /* Copy Pods Resources */ = {
			isa = PBXShellScriptBuildPhase;
			buildActionMask = 2147483647;
			files = (
			);
			inputPaths = (
			);
			name = "Copy Pods Resources";
			outputPaths = (
			);
			runOnlyForDeploymentPostprocessing = 0;
			shellPath = /bin/sh;
			shellScript = "\"${SRCROOT}/Pods/Pods-resources.sh\"\n";
			showEnvVarsInLog = 0;
		};
		52B1CA9B41194826B6DF45EF /* Check Pods Manifest.lock */ = {
			isa = PBXShellScriptBuildPhase;
			buildActionMask = 2147483647;
			files = (
			);
			inputPaths = (
			);
			name = "Check Pods Manifest.lock";
			outputPaths = (
			);
			runOnlyForDeploymentPostprocessing = 0;
			shellPath = /bin/sh;
			shellScript = "diff \"${PODS_ROOT}/../Podfile.lock\" \"${PODS_ROOT}/Manifest.lock\" > /dev/null\nif [[ $? != 0 ]] ; then\n    cat << EOM\nerror: The sandbox is not in sync with the Podfile.lock. Run 'pod install' or update your CocoaPods installation.\nEOM\n    exit 1\nfi\n";
			showEnvVarsInLog = 0;
		};
/* End PBXShellScriptBuildPhase section */

/* Begin PBXSourcesBuildPhase section */
		3A6F78FF1996420B00E17267 /* Sources */ = {
			isa = PBXSourcesBuildPhase;
			buildActionMask = 2147483647;
			files = (
				3A6F79471997A68E00E17267 /* Error.swift in Sources */,
				3A03CF931998F0CB00665E43 /* RSSItem.swift in Sources */,
				3A6F79451997A68300E17267 /* HNModel.swift in Sources */,
				3A6F793119964E6C00E17267 /* RSSTableVC.swift in Sources */,
				3A6F793A199656AD00E17267 /* HackerConstants.swift in Sources */,
				3A6F794D19980D0E00E17267 /* HNXMLParserDelegate.swift in Sources */,
				3A6F79371996566700E17267 /* Networking.swift in Sources */,
				3A6F792F19964DDE00E17267 /* RSSPostVC.swift in Sources */,
				3A6F79091996420B00E17267 /* AppDelegate.swift in Sources */,
				3A6F7935199651A100E17267 /* Data.swift in Sources */,
				3A03CF9919998A6600665E43 /* HNViewController.swift in Sources */,
				3A03CF961998FBB000665E43 /* RSSItemTC.swift in Sources */,
			);
			runOnlyForDeploymentPostprocessing = 0;
		};
		3A6F79111996420B00E17267 /* Sources */ = {
			isa = PBXSourcesBuildPhase;
			buildActionMask = 2147483647;
			files = (
				3A6F791C1996420B00E17267 /* HackerNewsRSSFeederTests.swift in Sources */,
			);
			runOnlyForDeploymentPostprocessing = 0;
		};
/* End PBXSourcesBuildPhase section */

/* Begin PBXTargetDependency section */
		3A6F79171996420B00E17267 /* PBXTargetDependency */ = {
			isa = PBXTargetDependency;
			target = 3A6F79021996420B00E17267 /* HackerNewsRSSFeeder */;
			targetProxy = 3A6F79161996420B00E17267 /* PBXContainerItemProxy */;
		};
/* End PBXTargetDependency section */

/* Begin XCBuildConfiguration section */
		3A6F791D1996420B00E17267 /* Debug */ = {
			isa = XCBuildConfiguration;
			buildSettings = {
				ALWAYS_SEARCH_USER_PATHS = NO;
				CLANG_CXX_LANGUAGE_STANDARD = "gnu++0x";
				CLANG_CXX_LIBRARY = "libc++";
				CLANG_ENABLE_MODULES = YES;
				CLANG_ENABLE_OBJC_ARC = YES;
				CLANG_WARN_BOOL_CONVERSION = YES;
				CLANG_WARN_CONSTANT_CONVERSION = YES;
				CLANG_WARN_DIRECT_OBJC_ISA_USAGE = YES_ERROR;
				CLANG_WARN_EMPTY_BODY = YES;
				CLANG_WARN_ENUM_CONVERSION = YES;
				CLANG_WARN_INT_CONVERSION = YES;
				CLANG_WARN_OBJC_ROOT_CLASS = YES_ERROR;
				CLANG_WARN_UNREACHABLE_CODE = YES;
				CLANG_WARN__DUPLICATE_METHOD_MATCH = YES;
				"CODE_SIGN_IDENTITY[sdk=iphoneos*]" = "iPhone Developer";
				COPY_PHASE_STRIP = NO;
				ENABLE_STRICT_OBJC_MSGSEND = YES;
				GCC_C_LANGUAGE_STANDARD = gnu99;
				GCC_DYNAMIC_NO_PIC = NO;
				GCC_OPTIMIZATION_LEVEL = 0;
				GCC_PREPROCESSOR_DEFINITIONS = (
					"DEBUG=1",
					"$(inherited)",
				);
				GCC_SYMBOLS_PRIVATE_EXTERN = NO;
				GCC_WARN_64_TO_32_BIT_CONVERSION = YES;
				GCC_WARN_ABOUT_RETURN_TYPE = YES_ERROR;
				GCC_WARN_UNDECLARED_SELECTOR = YES;
				GCC_WARN_UNINITIALIZED_AUTOS = YES_AGGRESSIVE;
				GCC_WARN_UNUSED_FUNCTION = YES;
				GCC_WARN_UNUSED_VARIABLE = YES;
				IPHONEOS_DEPLOYMENT_TARGET = 8.0;
				MTL_ENABLE_DEBUG_INFO = YES;
				ONLY_ACTIVE_ARCH = YES;
				SDKROOT = iphoneos;
				SWIFT_OPTIMIZATION_LEVEL = "-Onone";
			};
			name = Debug;
		};
		3A6F791E1996420B00E17267 /* Release */ = {
			isa = XCBuildConfiguration;
			buildSettings = {
				ALWAYS_SEARCH_USER_PATHS = NO;
				CLANG_CXX_LANGUAGE_STANDARD = "gnu++0x";
				CLANG_CXX_LIBRARY = "libc++";
				CLANG_ENABLE_MODULES = YES;
				CLANG_ENABLE_OBJC_ARC = YES;
				CLANG_WARN_BOOL_CONVERSION = YES;
				CLANG_WARN_CONSTANT_CONVERSION = YES;
				CLANG_WARN_DIRECT_OBJC_ISA_USAGE = YES_ERROR;
				CLANG_WARN_EMPTY_BODY = YES;
				CLANG_WARN_ENUM_CONVERSION = YES;
				CLANG_WARN_INT_CONVERSION = YES;
				CLANG_WARN_OBJC_ROOT_CLASS = YES_ERROR;
				CLANG_WARN_UNREACHABLE_CODE = YES;
				CLANG_WARN__DUPLICATE_METHOD_MATCH = YES;
				"CODE_SIGN_IDENTITY[sdk=iphoneos*]" = "iPhone Developer";
				COPY_PHASE_STRIP = YES;
				ENABLE_NS_ASSERTIONS = NO;
				ENABLE_STRICT_OBJC_MSGSEND = YES;
				GCC_C_LANGUAGE_STANDARD = gnu99;
				GCC_WARN_64_TO_32_BIT_CONVERSION = YES;
				GCC_WARN_ABOUT_RETURN_TYPE = YES_ERROR;
				GCC_WARN_UNDECLARED_SELECTOR = YES;
				GCC_WARN_UNINITIALIZED_AUTOS = YES_AGGRESSIVE;
				GCC_WARN_UNUSED_FUNCTION = YES;
				GCC_WARN_UNUSED_VARIABLE = YES;
				IPHONEOS_DEPLOYMENT_TARGET = 8.0;
				MTL_ENABLE_DEBUG_INFO = NO;
				SDKROOT = iphoneos;
				VALIDATE_PRODUCT = YES;
			};
			name = Release;
		};
		3A6F79201996420B00E17267 /* Debug */ = {
			isa = XCBuildConfiguration;
			baseConfigurationReference = 545EA6177E8C4EECA4BF9016 /* Pods.xcconfig */;
			buildSettings = {
				ASSETCATALOG_COMPILER_APPICON_NAME = AppIcon;
				ASSETCATALOG_COMPILER_LAUNCHIMAGE_NAME = LaunchImage;
				INFOPLIST_FILE = HackerNewsRSSFeeder/SupportingFiles/Info.plist;
				LD_RUNPATH_SEARCH_PATHS = "$(inherited) @executable_path/Frameworks";
				PRODUCT_NAME = "$(TARGET_NAME)";
				SWIFT_OBJC_BRIDGING_HEADER = HackerNewsRSSFeeder/SupportingFiles/Bridging.h;
			};
			name = Debug;
		};
		3A6F79211996420B00E17267 /* Release */ = {
			isa = XCBuildConfiguration;
			baseConfigurationReference = 545EA6177E8C4EECA4BF9016 /* Pods.xcconfig */;
			buildSettings = {
				ASSETCATALOG_COMPILER_APPICON_NAME = AppIcon;
				ASSETCATALOG_COMPILER_LAUNCHIMAGE_NAME = LaunchImage;
				INFOPLIST_FILE = HackerNewsRSSFeeder/SupportingFiles/Info.plist;
				LD_RUNPATH_SEARCH_PATHS = "$(inherited) @executable_path/Frameworks";
				PRODUCT_NAME = "$(TARGET_NAME)";
				SWIFT_OBJC_BRIDGING_HEADER = HackerNewsRSSFeeder/SupportingFiles/Bridging.h;
			};
			name = Release;
		};
		3A6F79231996420B00E17267 /* Debug */ = {
			isa = XCBuildConfiguration;
			buildSettings = {
				BUNDLE_LOADER = "$(TEST_HOST)";
				FRAMEWORK_SEARCH_PATHS = (
					"$(SDKROOT)/Developer/Library/Frameworks",
					"$(inherited)",
				);
				GCC_PREPROCESSOR_DEFINITIONS = (
					"DEBUG=1",
					"$(inherited)",
				);
				INFOPLIST_FILE = HackerNewsRSSFeederTests/Info.plist;
				LD_RUNPATH_SEARCH_PATHS = "$(inherited) @executable_path/Frameworks @loader_path/Frameworks";
				PRODUCT_NAME = "$(TARGET_NAME)";
				TEST_HOST = "$(BUILT_PRODUCTS_DIR)/HackerNewsRSSFeeder.app/HackerNewsRSSFeeder";
			};
			name = Debug;
		};
		3A6F79241996420B00E17267 /* Release */ = {
			isa = XCBuildConfiguration;
			buildSettings = {
				BUNDLE_LOADER = "$(TEST_HOST)";
				FRAMEWORK_SEARCH_PATHS = (
					"$(SDKROOT)/Developer/Library/Frameworks",
					"$(inherited)",
				);
				INFOPLIST_FILE = HackerNewsRSSFeederTests/Info.plist;
				LD_RUNPATH_SEARCH_PATHS = "$(inherited) @executable_path/Frameworks @loader_path/Frameworks";
				PRODUCT_NAME = "$(TARGET_NAME)";
				TEST_HOST = "$(BUILT_PRODUCTS_DIR)/HackerNewsRSSFeeder.app/HackerNewsRSSFeeder";
			};
			name = Release;
		};
/* End XCBuildConfiguration section */

/* Begin XCConfigurationList section */
		3A6F78FE1996420A00E17267 /* Build configuration list for PBXProject "HackerNewsRSSFeeder" */ = {
			isa = XCConfigurationList;
			buildConfigurations = (
				3A6F791D1996420B00E17267 /* Debug */,
				3A6F791E1996420B00E17267 /* Release */,
			);
			defaultConfigurationIsVisible = 0;
			defaultConfigurationName = Release;
		};
		3A6F791F1996420B00E17267 /* Build configuration list for PBXNativeTarget "HackerNewsRSSFeeder" */ = {
			isa = XCConfigurationList;
			buildConfigurations = (
				3A6F79201996420B00E17267 /* Debug */,
				3A6F79211996420B00E17267 /* Release */,
			);
			defaultConfigurationIsVisible = 0;
			defaultConfigurationName = Release;
		};
		3A6F79221996420B00E17267 /* Build configuration list for PBXNativeTarget "HackerNewsRSSFeederTests" */ = {
			isa = XCConfigurationList;
			buildConfigurations = (
				3A6F79231996420B00E17267 /* Debug */,
				3A6F79241996420B00E17267 /* Release */,
			);
			defaultConfigurationIsVisible = 0;
			defaultConfigurationName = Release;
		};
/* End XCConfigurationList section */
	};
	rootObject = 3A6F78FB1996420A00E17267 /* Project object */;
}
